
Microsoft Visual Studio Solution File, Format Version 12.00
# Visual Studio Version 17
VisualStudioVersion = 17.13.35825.156 d17.13
MinimumVisualStudioVersion = 10.0.40219.1
Project("{FAE04EC0-301F-11D3-BF4B-00C04F79EFBC}") = "SfDataGridDemo", "SfDataGridDemo.csproj", "{18F79055-006A-4510-BB4A-DADF24F0B9B3}"
EndProject
Global
	GlobalSection(SolutionConfigurationPlatforms) = preSolution
		Debug|Any CPU = Debug|Any CPU
		Release|Any CPU = Release|Any CPU
	EndGlobalSection
	GlobalSection(ProjectConfigurationPlatforms) = postSolution
		{18F79055-006A-4510-BB4A-DADF24F0B9B3}.Debug|Any CPU.ActiveCfg = Debug|Any CPU
		{18F79055-006A-4510-BB4A-DADF24F0B9B3}.Debug|Any CPU.Build.0 = Debug|Any CPU
		{18F79055-006A-4510-BB4A-DADF24F0B9B3}.Release|Any CPU.ActiveCfg = Release|Any CPU
		{18F79055-006A-4510-BB4A-DADF24F0B9B3}.Release|Any CPU.Build.0 = Release|Any CPU
	EndGlobalSection
	GlobalSection(SolutionProperties) = preSolution
		HideSolutionNode = FALSE
	EndGlobalSection
	GlobalSection(ExtensibilityGlobals) = postSolution
		SolutionGuid = {0E496175-C82D-437E-802B-F34695A58728}
	EndGlobalSection
EndGlobal
